
Microsoft Visual Studio Solution File, Format Version 12.00
# Visual Studio 15
VisualStudioVersion = 15.0.28307.329
MinimumVisualStudioVersion = 10.0.40219.1
Project("{8BC9CEB8-8B4A-11D0-8D11-00A0C91BC942}") = "Project95", "Project95\Project95.vcxproj", "{A75126DD-66D2-4912-9E04-FD33807E38AC}"
EndProject
Global
	GlobalSection(SolutionConfigurationPlatforms) = preSolution
		Debug|x64 = Debug|x64
		Debug|x86 = Debug|x86
		Release|x64 = Release|x64
		Release|x86 = Release|x86
	EndGlobalSection
	GlobalSection(ProjectConfigurationPlatforms) = postSolution
		{A75126DD-66D2-4912-9E04-FD33807E38AC}.Debug|x64.ActiveCfg = Debug|x64
		{A75126DD-66D2-4912-9E04-FD33807E38AC}.Debug|x64.Build.0 = Debug|x64
		{A75126DD-66D2-4912-9E04-FD33807E38AC}.Debug|x86.ActiveCfg = Debug|Win32
		{A75126DD-66D2-4912-9E04-FD33807E38AC}.Debug|x86.Build.0 = Debug|Win32
		{A75126DD-66D2-4912-9E04-FD33807E38AC}.Release|x64.ActiveCfg = Release|x64
		{A75126DD-66D2-4912-9E04-FD33807E38AC}.Release|x64.Build.0 = Release|x64
		{A75126DD-66D2-4912-9E04-FD33807E38AC}.Release|x86.ActiveCfg = Release|Win32
		{A75126DD-66D2-4912-9E04-FD33807E38AC}.Release|x86.Build.0 = Release|Win32
	EndGlobalSection
	GlobalSection(SolutionProperties) = preSolution
		HideSolutionNode = FALSE
	EndGlobalSection
	GlobalSection(ExtensibilityGlobals) = postSolution
		SolutionGuid = {4BED7749-5DC5-47CC-8917-CE563B991390}
	EndGlobalSection
EndGlobal
